
Microsoft Visual Studio Solution File, Format Version 12.00
# Visual Studio Version 17
VisualStudioVersion = 17.8.34316.72
MinimumVisualStudioVersion = 10.0.40219.1
Project("{FAE04EC0-301F-11D3-BF4B-00C04F79EFBC}") = "PensiuneaMea", "PensiuneaMea.csproj", "{B3CC5E0D-6514-4CBC-8ED5-F85F2C93BEC6}"
EndProject
Global
	GlobalSection(SolutionConfigurationPlatforms) = preSolution
		Debug|Any CPU = Debug|Any CPU
		Release|Any CPU = Release|Any CPU
	EndGlobalSection
	GlobalSection(ProjectConfigurationPlatforms) = postSolution
		{B3CC5E0D-6514-4CBC-8ED5-F85F2C93BEC6}.Debug|Any CPU.ActiveCfg = Debug|Any CPU
		{B3CC5E0D-6514-4CBC-8ED5-F85F2C93BEC6}.Debug|Any CPU.Build.0 = Debug|Any CPU
		{B3CC5E0D-6514-4CBC-8ED5-F85F2C93BEC6}.Release|Any CPU.ActiveCfg = Release|Any CPU
		{B3CC5E0D-6514-4CBC-8ED5-F85F2C93BEC6}.Release|Any CPU.Build.0 = Release|Any CPU
	EndGlobalSection
	GlobalSection(SolutionProperties) = preSolution
		HideSolutionNode = FALSE
	EndGlobalSection
	GlobalSection(ExtensibilityGlobals) = postSolution
		SolutionGuid = {C25B1521-B829-4BF9-809A-92DACAEB8AA8}
	EndGlobalSection
EndGlobal
